
Microsoft Visual Studio Solution File, Format Version 12.00
# Visual Studio Version 16
VisualStudioVersion = 16.0.29728.190
MinimumVisualStudioVersion = 10.0.40219.1
Project("{888888A0-9F3D-457C-B088-3A5042F75D52}") = "arcadecollection", "arcadecollection\arcadecollection.pyproj", "{6A977D82-0675-42A8-9746-96EDF332A614}"
EndProject
Global
	GlobalSection(SolutionConfigurationPlatforms) = preSolution
		Debug|Any CPU = Debug|Any CPU
		Release|Any CPU = Release|Any CPU
	EndGlobalSection
	GlobalSection(ProjectConfigurationPlatforms) = postSolution
		{6A977D82-0675-42A8-9746-96EDF332A614}.Debug|Any CPU.ActiveCfg = Debug|Any CPU
		{6A977D82-0675-42A8-9746-96EDF332A614}.Release|Any CPU.ActiveCfg = Release|Any CPU
	EndGlobalSection
	GlobalSection(SolutionProperties) = preSolution
		HideSolutionNode = FALSE
	EndGlobalSection
	GlobalSection(ExtensibilityGlobals) = postSolution
		SolutionGuid = {A8F30DF9-D46B-443B-B511-278AAD12A637}
	EndGlobalSection
EndGlobal
